
Microsoft Visual Studio Solution File, Format Version 12.00
# Visual Studio Version 16
VisualStudioVersion = 16.0.30717.126
MinimumVisualStudioVersion = 10.0.40219.1
Project("{FAE04EC0-301F-11D3-BF4B-00C04F79EFBC}") = "CabInvoiceGenerator", "CabInvoiceGenerator\CabInvoiceGenerator.csproj", "{9435DA21-91EB-451A-8D7C-41211C8FC4A2}"
EndProject
Project("{FAE04EC0-301F-11D3-BF4B-00C04F79EFBC}") = "CabInvoiceGenratorTest", "CabInvoiceGenratorTest\CabInvoiceGenratorTest.csproj", "{CBACDD85-2290-4F4E-A591-CA0597855250}"
EndProject
Global
	GlobalSection(SolutionConfigurationPlatforms) = preSolution
		Debug|Any CPU = Debug|Any CPU
		Release|Any CPU = Release|Any CPU
	EndGlobalSection
	GlobalSection(ProjectConfigurationPlatforms) = postSolution
		{9435DA21-91EB-451A-8D7C-41211C8FC4A2}.Debug|Any CPU.ActiveCfg = Debug|Any CPU
		{9435DA21-91EB-451A-8D7C-41211C8FC4A2}.Debug|Any CPU.Build.0 = Debug|Any CPU
		{9435DA21-91EB-451A-8D7C-41211C8FC4A2}.Release|Any CPU.ActiveCfg = Release|Any CPU
		{9435DA21-91EB-451A-8D7C-41211C8FC4A2}.Release|Any CPU.Build.0 = Release|Any CPU
		{CBACDD85-2290-4F4E-A591-CA0597855250}.Debug|Any CPU.ActiveCfg = Debug|Any CPU
		{CBACDD85-2290-4F4E-A591-CA0597855250}.Debug|Any CPU.Build.0 = Debug|Any CPU
		{CBACDD85-2290-4F4E-A591-CA0597855250}.Release|Any CPU.ActiveCfg = Release|Any CPU
		{CBACDD85-2290-4F4E-A591-CA0597855250}.Release|Any CPU.Build.0 = Release|Any CPU
	EndGlobalSection
	GlobalSection(SolutionProperties) = preSolution
		HideSolutionNode = FALSE
	EndGlobalSection
	GlobalSection(ExtensibilityGlobals) = postSolution
		SolutionGuid = {A815F98B-ED34-44B4-A866-9875C26BD807}
	EndGlobalSection
EndGlobal
